// !$*UTF8*$!
{
	archiveVersion = 1;
	classes = {
	};
	objectVersion = 56;
	objects = {

/* Begin PBXBuildFile section */
		F206AD522AD2E7990020D19A /* WarehouseView.swift in Sources */ = {isa = PBXBuildFile; fileRef = F206AD512AD2E7990020D19A /* WarehouseView.swift */; };
		F208EC3D2AC0037400C90ADB /* LaunchView.swift in Sources */ = {isa = PBXBuildFile; fileRef = F208EC3C2AC0037400C90ADB /* LaunchView.swift */; };
		F217E0E02ACFD75C00013649 /* ToolView.swift in Sources */ = {isa = PBXBuildFile; fileRef = F217E0DF2ACFD75C00013649 /* ToolView.swift */; };
		F217E0E22ACFE9CB00013649 /* TagList.swift in Sources */ = {isa = PBXBuildFile; fileRef = F217E0E12ACFE9CB00013649 /* TagList.swift */; };
		F22A29632ACD761A002D281A /* BgView.swift in Sources */ = {isa = PBXBuildFile; fileRef = F22A29622ACD761A002D281A /* BgView.swift */; };
		F22AFDA62B28ACAA006113B1 /* MCEmojiPicker in Frameworks */ = {isa = PBXBuildFile; productRef = F22AFDA52B28ACAA006113B1 /* MCEmojiPicker */; };
		F22BDBE62AAA1753000A0412 /* AppEntry.swift in Sources */ = {isa = PBXBuildFile; fileRef = F22BDBE52AAA1753000A0412 /* AppEntry.swift */; };
		F22BDBE82AAA1753000A0412 /* ScreenManage.swift in Sources */ = {isa = PBXBuildFile; fileRef = F22BDBE72AAA1753000A0412 /* ScreenManage.swift */; };
		F22BDBF62AAD8ED8000A0412 /* HomeView.swift in Sources */ = {isa = PBXBuildFile; fileRef = F22BDBF52AAD8ED8000A0412 /* HomeView.swift */; };
		F22BDBF92AAD8F46000A0412 /* Tabbar.swift in Sources */ = {isa = PBXBuildFile; fileRef = F22BDBF82AAD8F46000A0412 /* Tabbar.swift */; };
		F22BDBFD2AADB9A1000A0412 /* ProjectView.swift in Sources */ = {isa = PBXBuildFile; fileRef = F22BDBFC2AADB9A1000A0412 /* ProjectView.swift */; };
		F23208062AD6DF83003A8CA1 /* EditTimeLine.swift in Sources */ = {isa = PBXBuildFile; fileRef = F23208052AD6DF83003A8CA1 /* EditTimeLine.swift */; };
		F23208092AD99BD0003A8CA1 /* Tag.swift in Sources */ = {isa = PBXBuildFile; fileRef = F23208082AD99BD0003A8CA1 /* Tag.swift */; };
		F232080B2AD99C10003A8CA1 /* Milestone.swift in Sources */ = {isa = PBXBuildFile; fileRef = F232080A2AD99C10003A8CA1 /* Milestone.swift */; };
		F232080D2AD99C47003A8CA1 /* LineNode.swift in Sources */ = {isa = PBXBuildFile; fileRef = F232080C2AD99C47003A8CA1 /* LineNode.swift */; };
		F232080F2AD99C73003A8CA1 /* TimeLine.swift in Sources */ = {isa = PBXBuildFile; fileRef = F232080E2AD99C73003A8CA1 /* TimeLine.swift */; };
		F23208112AD99CC8003A8CA1 /* Project.swift in Sources */ = {isa = PBXBuildFile; fileRef = F23208102AD99CC8003A8CA1 /* Project.swift */; };
		F248157B2ADBACB6001D9F45 /* ProjectDB.xcdatamodeld in Sources */ = {isa = PBXBuildFile; fileRef = F24815792ADBACB6001D9F45 /* ProjectDB.xcdatamodeld */; };
		F248157D2ADC195B001D9F45 /* ModelView.swift in Sources */ = {isa = PBXBuildFile; fileRef = F248157C2ADC195B001D9F45 /* ModelView.swift */; };
		F2506D882AC8669F008118DD /* LineView.swift in Sources */ = {isa = PBXBuildFile; fileRef = F2506D872AC8669F008118DD /* LineView.swift */; };
		F2506D8A2AC867F4008118DD /* LineNodeView.swift in Sources */ = {isa = PBXBuildFile; fileRef = F2506D892AC867F4008118DD /* LineNodeView.swift */; };
		F255778D2AB5863000F71FE1 /* SFSymbol.swift in Sources */ = {isa = PBXBuildFile; fileRef = F255778C2AB5863000F71FE1 /* SFSymbol.swift */; };
		F255778E2AB58CC700F71FE1 /* Assets.xcassets in Resources */ = {isa = PBXBuildFile; fileRef = F22BDBE92AAA1755000A0412 /* Assets.xcassets */; };
		F25577902AB59A3E00F71FE1 /* UserDefaults.swift in Sources */ = {isa = PBXBuildFile; fileRef = F255778F2AB59A3E00F71FE1 /* UserDefaults.swift */; };
		F25577922AB5F13400F71FE1 /* NavHeader.swift in Sources */ = {isa = PBXBuildFile; fileRef = F25577912AB5F13400F71FE1 /* NavHeader.swift */; };
		F25577972AB9F84900F71FE1 /* TimeLineView.swift in Sources */ = {isa = PBXBuildFile; fileRef = F25577962AB9F84900F71FE1 /* TimeLineView.swift */; };
		F25AD5EB2B29F88C00E11F60 /* AlertToast in Frameworks */ = {isa = PBXBuildFile; productRef = F25AD5EA2B29F88C00E11F60 /* AlertToast */; };
		F26DD12C2AED558F00DF9025 /* CoreDataService.swift in Sources */ = {isa = PBXBuildFile; fileRef = F26DD12A2AED558F00DF9025 /* CoreDataService.swift */; };
		F285002D2B1E20500095B3A8 /* NodeSort.swift in Sources */ = {isa = PBXBuildFile; fileRef = F285002C2B1E20500095B3A8 /* NodeSort.swift */; };
		F286D8F22ADED989005A10CA /* Bingding.swift in Sources */ = {isa = PBXBuildFile; fileRef = F286D8F12ADED989005A10CA /* Bingding.swift */; };
		F286D8F42AE022EE005A10CA /* emptyView.swift in Sources */ = {isa = PBXBuildFile; fileRef = F286D8F32AE022EE005A10CA /* emptyView.swift */; };
		F286D8F62AE167A5005A10CA /* CardSelectView.swift in Sources */ = {isa = PBXBuildFile; fileRef = F286D8F52AE167A5005A10CA /* CardSelectView.swift */; };
		F291D8862AF630AF009D80D3 /* EditNode.swift in Sources */ = {isa = PBXBuildFile; fileRef = F291D8852AF630AF009D80D3 /* EditNode.swift */; };
		F291D8882AF7D98A009D80D3 /* FlexLayout.swift in Sources */ = {isa = PBXBuildFile; fileRef = F291D8872AF7D98A009D80D3 /* FlexLayout.swift */; };
		F291D88A2AF7EB27009D80D3 /* Date.swift in Sources */ = {isa = PBXBuildFile; fileRef = F291D8892AF7EB27009D80D3 /* Date.swift */; };
		F2A978042AD9A08D00ABA274 /* Color.swift in Sources */ = {isa = PBXBuildFile; fileRef = F2A978032AD9A08D00ABA274 /* Color.swift */; };
		F2A978062AD9A33C00ABA274 /* MeView.swift in Sources */ = {isa = PBXBuildFile; fileRef = F2A978052AD9A33C00ABA274 /* MeView.swift */; };
		F2A978082AD9A35000ABA274 /* ProjectCard.swift in Sources */ = {isa = PBXBuildFile; fileRef = F2A978072AD9A35000ABA274 /* ProjectCard.swift */; };
		F2AA61132AB555DA003548D9 /* ProjectModel.swift in Sources */ = {isa = PBXBuildFile; fileRef = F2AA61122AB555DA003548D9 /* ProjectModel.swift */; };
		F2AF6E282ADA2D94005CF762 /* IconModel.swift in Sources */ = {isa = PBXBuildFile; fileRef = F2AF6E272ADA2D94005CF762 /* IconModel.swift */; };
		F2BCCEA52AAF4FC2006FDBBA /* EditProejct.swift in Sources */ = {isa = PBXBuildFile; fileRef = F2BCCEA42AAF4FC2006FDBBA /* EditProejct.swift */; };
/* End PBXBuildFile section */

/* Begin PBXFileReference section */
		F206AD512AD2E7990020D19A /* WarehouseView.swift */ = {isa = PBXFileReference; lastKnownFileType = sourcecode.swift; path = WarehouseView.swift; sourceTree = "<group>"; };
		F208EC3C2AC0037400C90ADB /* LaunchView.swift */ = {isa = PBXFileReference; lastKnownFileType = sourcecode.swift; path = LaunchView.swift; sourceTree = "<group>"; };
		F217E0DF2ACFD75C00013649 /* ToolView.swift */ = {isa = PBXFileReference; lastKnownFileType = sourcecode.swift; path = ToolView.swift; sourceTree = "<group>"; };
		F217E0E12ACFE9CB00013649 /* TagList.swift */ = {isa = PBXFileReference; lastKnownFileType = sourcecode.swift; name = TagList.swift; path = milestone/TagList.swift; sourceTree = SOURCE_ROOT; };
		F22A29622ACD761A002D281A /* BgView.swift */ = {isa = PBXFileReference; lastKnownFileType = sourcecode.swift; path = BgView.swift; sourceTree = "<group>"; };
		F22BDBE22AAA1753000A0412 /* milestone.app */ = {isa = PBXFileReference; explicitFileType = wrapper.application; includeInIndex = 0; path = milestone.app; sourceTree = BUILT_PRODUCTS_DIR; };
		F22BDBE52AAA1753000A0412 /* AppEntry.swift */ = {isa = PBXFileReference; lastKnownFileType = sourcecode.swift; path = AppEntry.swift; sourceTree = "<group>"; };
		F22BDBE72AAA1753000A0412 /* ScreenManage.swift */ = {isa = PBXFileReference; lastKnownFileType = sourcecode.swift; path = ScreenManage.swift; sourceTree = "<group>"; };
		F22BDBE92AAA1755000A0412 /* Assets.xcassets */ = {isa = PBXFileReference; lastKnownFileType = folder.assetcatalog; path = Assets.xcassets; sourceTree = "<group>"; };
		F22BDBF52AAD8ED8000A0412 /* HomeView.swift */ = {isa = PBXFileReference; lastKnownFileType = sourcecode.swift; path = HomeView.swift; sourceTree = "<group>"; };
		F22BDBF82AAD8F46000A0412 /* Tabbar.swift */ = {isa = PBXFileReference; lastKnownFileType = sourcecode.swift; path = Tabbar.swift; sourceTree = "<group>"; };
		F22BDBFC2AADB9A1000A0412 /* ProjectView.swift */ = {isa = PBXFileReference; lastKnownFileType = sourcecode.swift; path = ProjectView.swift; sourceTree = "<group>"; };
		F23208052AD6DF83003A8CA1 /* EditTimeLine.swift */ = {isa = PBXFileReference; lastKnownFileType = sourcecode.swift; path = EditTimeLine.swift; sourceTree = "<group>"; };
		F23208082AD99BD0003A8CA1 /* Tag.swift */ = {isa = PBXFileReference; lastKnownFileType = sourcecode.swift; path = Tag.swift; sourceTree = "<group>"; };
		F232080A2AD99C10003A8CA1 /* Milestone.swift */ = {isa = PBXFileReference; lastKnownFileType = sourcecode.swift; path = Milestone.swift; sourceTree = "<group>"; };
		F232080C2AD99C47003A8CA1 /* LineNode.swift */ = {isa = PBXFileReference; lastKnownFileType = sourcecode.swift; path = LineNode.swift; sourceTree = "<group>"; };
		F232080E2AD99C73003A8CA1 /* TimeLine.swift */ = {isa = PBXFileReference; lastKnownFileType = sourcecode.swift; path = TimeLine.swift; sourceTree = "<group>"; };
		F23208102AD99CC8003A8CA1 /* Project.swift */ = {isa = PBXFileReference; lastKnownFileType = sourcecode.swift; path = Project.swift; sourceTree = "<group>"; };
		F248157A2ADBACB6001D9F45 /* ProjectDB.xcdatamodel */ = {isa = PBXFileReference; lastKnownFileType = wrapper.xcdatamodel; path = ProjectDB.xcdatamodel; sourceTree = "<group>"; };
		F248157C2ADC195B001D9F45 /* ModelView.swift */ = {isa = PBXFileReference; lastKnownFileType = sourcecode.swift; path = ModelView.swift; sourceTree = "<group>"; };
		F2506D872AC8669F008118DD /* LineView.swift */ = {isa = PBXFileReference; lastKnownFileType = sourcecode.swift; path = LineView.swift; sourceTree = "<group>"; };
		F2506D892AC867F4008118DD /* LineNodeView.swift */ = {isa = PBXFileReference; lastKnownFileType = sourcecode.swift; path = LineNodeView.swift; sourceTree = "<group>"; };
		F255778C2AB5863000F71FE1 /* SFSymbol.swift */ = {isa = PBXFileReference; lastKnownFileType = sourcecode.swift; path = SFSymbol.swift; sourceTree = "<group>"; };
		F255778F2AB59A3E00F71FE1 /* UserDefaults.swift */ = {isa = PBXFileReference; lastKnownFileType = sourcecode.swift; path = UserDefaults.swift; sourceTree = "<group>"; };
		F25577912AB5F13400F71FE1 /* NavHeader.swift */ = {isa = PBXFileReference; lastKnownFileType = sourcecode.swift; path = NavHeader.swift; sourceTree = "<group>"; };
		F25577962AB9F84900F71FE1 /* TimeLineView.swift */ = {isa = PBXFileReference; lastKnownFileType = sourcecode.swift; path = TimeLineView.swift; sourceTree = "<group>"; };
		F26DD12A2AED558F00DF9025 /* CoreDataService.swift */ = {isa = PBXFileReference; fileEncoding = 4; lastKnownFileType = sourcecode.swift; path = CoreDataService.swift; sourceTree = "<group>"; };
		F285002C2B1E20500095B3A8 /* NodeSort.swift */ = {isa = PBXFileReference; lastKnownFileType = sourcecode.swift; path = NodeSort.swift; sourceTree = "<group>"; };
		F286D8F12ADED989005A10CA /* Bingding.swift */ = {isa = PBXFileReference; lastKnownFileType = sourcecode.swift; path = Bingding.swift; sourceTree = "<group>"; };
		F286D8F32AE022EE005A10CA /* emptyView.swift */ = {isa = PBXFileReference; lastKnownFileType = sourcecode.swift; path = emptyView.swift; sourceTree = "<group>"; };
		F286D8F52AE167A5005A10CA /* CardSelectView.swift */ = {isa = PBXFileReference; lastKnownFileType = sourcecode.swift; path = CardSelectView.swift; sourceTree = "<group>"; };
		F291D8852AF630AF009D80D3 /* EditNode.swift */ = {isa = PBXFileReference; lastKnownFileType = sourcecode.swift; path = EditNode.swift; sourceTree = "<group>"; };
		F291D8872AF7D98A009D80D3 /* FlexLayout.swift */ = {isa = PBXFileReference; lastKnownFileType = sourcecode.swift; path = FlexLayout.swift; sourceTree = "<group>"; };
		F291D8892AF7EB27009D80D3 /* Date.swift */ = {isa = PBXFileReference; lastKnownFileType = sourcecode.swift; path = Date.swift; sourceTree = "<group>"; };
		F2A978032AD9A08D00ABA274 /* Color.swift */ = {isa = PBXFileReference; lastKnownFileType = sourcecode.swift; path = Color.swift; sourceTree = "<group>"; };
		F2A978052AD9A33C00ABA274 /* MeView.swift */ = {isa = PBXFileReference; fileEncoding = 4; lastKnownFileType = sourcecode.swift; path = MeView.swift; sourceTree = "<group>"; };
		F2A978072AD9A35000ABA274 /* ProjectCard.swift */ = {isa = PBXFileReference; fileEncoding = 4; lastKnownFileType = sourcecode.swift; path = ProjectCard.swift; sourceTree = "<group>"; };
		F2AA61122AB555DA003548D9 /* ProjectModel.swift */ = {isa = PBXFileReference; lastKnownFileType = sourcecode.swift; path = ProjectModel.swift; sourceTree = "<group>"; };
		F2AF6E272ADA2D94005CF762 /* IconModel.swift */ = {isa = PBXFileReference; lastKnownFileType = sourcecode.swift; path = IconModel.swift; sourceTree = "<group>"; };
		F2BCCEA42AAF4FC2006FDBBA /* EditProejct.swift */ = {isa = PBXFileReference; lastKnownFileType = sourcecode.swift; path = EditProejct.swift; sourceTree = "<group>"; };
/* End PBXFileReference section */

/* Begin PBXFrameworksBuildPhase section */
		F22BDBDF2AAA1753000A0412 /* Frameworks */ = {
			isa = PBXFrameworksBuildPhase;
			buildActionMask = 2147483647;
			files = (
				F22AFDA62B28ACAA006113B1 /* MCEmojiPicker in Frameworks */,
				F25AD5EB2B29F88C00E11F60 /* AlertToast in Frameworks */,
			);
			runOnlyForDeploymentPostprocessing = 0;
		};
/* End PBXFrameworksBuildPhase section */

/* Begin PBXGroup section */
		F206AD502AD2E7330020D19A /* Warehouse */ = {
			isa = PBXGroup;
			children = (
				F206AD512AD2E7990020D19A /* WarehouseView.swift */,
			);
			path = Warehouse;
			sourceTree = "<group>";
		};
		F208EC3B2AC0034100C90ADB /* Starter */ = {
			isa = PBXGroup;
			children = (
				F208EC3C2AC0037400C90ADB /* LaunchView.swift */,
			);
			path = Starter;
			sourceTree = "<group>";
		};
		F22BDBD92AAA1753000A0412 = {
			isa = PBXGroup;
			children = (
				F22BDBE42AAA1753000A0412 /* milestone */,
				F22BDBE52AAA1753000A0412 /* AppEntry.swift */,
				F22BDBE32AAA1753000A0412 /* Products */,
			);
			sourceTree = "<group>";
		};
		F22BDBE32AAA1753000A0412 /* Products */ = {
			isa = PBXGroup;
			children = (
				F22BDBE22AAA1753000A0412 /* milestone.app */,
			);
			name = Products;
			sourceTree = "<group>";
		};
		F22BDBE42AAA1753000A0412 /* milestone */ = {
			isa = PBXGroup;
			children = (
				F26DD1292AED558F00DF9025 /* Service */,
				F2AF6E292ADA5639005CF762 /* DB */,
				F2AF6E262ADA2351005CF762 /* Shared */,
				F23208072AD99B9A003A8CA1 /* ModelViews */,
				F2D2E8A92AB5509700F4360F /* Screens */,
				F28D0CA12AB5515500B3B7A6 /* Models */,
				F28D0CAB2AB553B700B3B7A6 /* Components */,
				F28D0CA62AB5529600B3B7A6 /* Assets */,
			);
			path = milestone;
			sourceTree = "<group>";
		};
		F23208072AD99B9A003A8CA1 /* ModelViews */ = {
			isa = PBXGroup;
			children = (
				F2AA61122AB555DA003548D9 /* ProjectModel.swift */,
			);
			path = ModelViews;
			sourceTree = "<group>";
		};
		F25577942AB9F82500F71FE1 /* TimeLine */ = {
			isa = PBXGroup;
			children = (
				F25577962AB9F84900F71FE1 /* TimeLineView.swift */,
				F2506D872AC8669F008118DD /* LineView.swift */,
				F2506D892AC867F4008118DD /* LineNodeView.swift */,
			);
			path = TimeLine;
			sourceTree = "<group>";
		};
		F26DD1292AED558F00DF9025 /* Service */ = {
			isa = PBXGroup;
			children = (
				F26DD12A2AED558F00DF9025 /* CoreDataService.swift */,
			);
			path = Service;
			sourceTree = "<group>";
		};
		F28D0CA12AB5515500B3B7A6 /* Models */ = {
			isa = PBXGroup;
			children = (
				F23208082AD99BD0003A8CA1 /* Tag.swift */,
				F232080A2AD99C10003A8CA1 /* Milestone.swift */,
				F232080C2AD99C47003A8CA1 /* LineNode.swift */,
				F232080E2AD99C73003A8CA1 /* TimeLine.swift */,
				F23208102AD99CC8003A8CA1 /* Project.swift */,
				F2AF6E272ADA2D94005CF762 /* IconModel.swift */,
			);
			path = Models;
			sourceTree = "<group>";
		};
		F28D0CA22AB5516100B3B7A6 /* Utils */ = {
			isa = PBXGroup;
			children = (
			);
			path = Utils;
			sourceTree = "<group>";
		};
		F28D0CA32AB5524A00B3B7A6 /* Extension */ = {
			isa = PBXGroup;
			children = (
				F255778F2AB59A3E00F71FE1 /* UserDefaults.swift */,
				F217E0DF2ACFD75C00013649 /* ToolView.swift */,
				F2A978032AD9A08D00ABA274 /* Color.swift */,
				F286D8F12ADED989005A10CA /* Bingding.swift */,
				F291D8892AF7EB27009D80D3 /* Date.swift */,
			);
			path = Extension;
			sourceTree = "<group>";
		};
		F28D0CA62AB5529600B3B7A6 /* Assets */ = {
			isa = PBXGroup;
			children = (
				F22BDBE92AAA1755000A0412 /* Assets.xcassets */,
			);
			path = Assets;
			sourceTree = "<group>";
		};
		F28D0CA72AB5535D00B3B7A6 /* Project */ = {
			isa = PBXGroup;
			children = (
				F22BDBFC2AADB9A1000A0412 /* ProjectView.swift */,
				F28D0CA82AB5537900B3B7A6 /* View */,
			);
			path = Project;
			sourceTree = "<group>";
		};
		F28D0CA82AB5537900B3B7A6 /* View */ = {
			isa = PBXGroup;
			children = (
				F25577942AB9F82500F71FE1 /* TimeLine */,
				F2BCCEA42AAF4FC2006FDBBA /* EditProejct.swift */,
				F2A978072AD9A35000ABA274 /* ProjectCard.swift */,
				F23208052AD6DF83003A8CA1 /* EditTimeLine.swift */,
				F286D8F52AE167A5005A10CA /* CardSelectView.swift */,
				F291D8852AF630AF009D80D3 /* EditNode.swift */,
				F285002C2B1E20500095B3A8 /* NodeSort.swift */,
			);
			path = View;
			sourceTree = "<group>";
		};
		F28D0CA92AB5538B00B3B7A6 /* Home */ = {
			isa = PBXGroup;
			children = (
				F22BDBF52AAD8ED8000A0412 /* HomeView.swift */,
			);
			path = Home;
			sourceTree = "<group>";
		};
		F28D0CAA2AB5539600B3B7A6 /* Me */ = {
			isa = PBXGroup;
			children = (
				F2A978052AD9A33C00ABA274 /* MeView.swift */,
			);
			path = Me;
			sourceTree = "<group>";
		};
		F28D0CAB2AB553B700B3B7A6 /* Components */ = {
			isa = PBXGroup;
			children = (
				F22BDBF82AAD8F46000A0412 /* Tabbar.swift */,
				F255778C2AB5863000F71FE1 /* SFSymbol.swift */,
				F25577912AB5F13400F71FE1 /* NavHeader.swift */,
				F22A29622ACD761A002D281A /* BgView.swift */,
				F217E0E12ACFE9CB00013649 /* TagList.swift */,
				F248157C2ADC195B001D9F45 /* ModelView.swift */,
				F286D8F32AE022EE005A10CA /* emptyView.swift */,
				F291D8872AF7D98A009D80D3 /* FlexLayout.swift */,
			);
			path = Components;
			sourceTree = "<group>";
		};
		F2AF6E262ADA2351005CF762 /* Shared */ = {
			isa = PBXGroup;
			children = (
				F28D0CA22AB5516100B3B7A6 /* Utils */,
				F28D0CA32AB5524A00B3B7A6 /* Extension */,
			);
			path = Shared;
			sourceTree = "<group>";
		};
		F2AF6E292ADA5639005CF762 /* DB */ = {
			isa = PBXGroup;
			children = (
				F24815792ADBACB6001D9F45 /* ProjectDB.xcdatamodeld */,
			);
			path = DB;
			sourceTree = "<group>";
		};
		F2D2E8A92AB5509700F4360F /* Screens */ = {
			isa = PBXGroup;
			children = (
				F22BDBE72AAA1753000A0412 /* ScreenManage.swift */,
				F208EC3B2AC0034100C90ADB /* Starter */,
				F206AD502AD2E7330020D19A /* Warehouse */,
				F28D0CAA2AB5539600B3B7A6 /* Me */,
				F28D0CA92AB5538B00B3B7A6 /* Home */,
				F28D0CA72AB5535D00B3B7A6 /* Project */,
			);
			path = Screens;
			sourceTree = "<group>";
		};
/* End PBXGroup section */

/* Begin PBXNativeTarget section */
		F22BDBE12AAA1753000A0412 /* milestone */ = {
			isa = PBXNativeTarget;
			buildConfigurationList = F22BDBF02AAA1755000A0412 /* Build configuration list for PBXNativeTarget "milestone" */;
			buildPhases = (
				F22BDBDE2AAA1753000A0412 /* Sources */,
				F22BDBDF2AAA1753000A0412 /* Frameworks */,
				F22BDBE02AAA1753000A0412 /* Resources */,
			);
			buildRules = (
			);
			dependencies = (
			);
			name = milestone;
			packageProductDependencies = (
				F22AFDA52B28ACAA006113B1 /* MCEmojiPicker */,
				F25AD5EA2B29F88C00E11F60 /* AlertToast */,
			);
			productName = milestone;
			productReference = F22BDBE22AAA1753000A0412 /* milestone.app */;
			productType = "com.apple.product-type.application";
		};
/* End PBXNativeTarget section */

/* Begin PBXProject section */
		F22BDBDA2AAA1753000A0412 /* Project object */ = {
			isa = PBXProject;
			attributes = {
				BuildIndependentTargetsInParallel = 1;
				LastSwiftUpdateCheck = 1430;
				LastUpgradeCheck = 1500;
				TargetAttributes = {
					F22BDBE12AAA1753000A0412 = {
						CreatedOnToolsVersion = 14.3.1;
					};
				};
			};
			buildConfigurationList = F22BDBDD2AAA1753000A0412 /* Build configuration list for PBXProject "milestone" */;
			compatibilityVersion = "Xcode 14.0";
			developmentRegion = "zh-Hans";
			hasScannedForEncodings = 0;
			knownRegions = (
				en,
				Base,
				"zh-Hans",
			);
			mainGroup = F22BDBD92AAA1753000A0412;
			packageReferences = (
				F22AFDA42B28ACAA006113B1 /* XCRemoteSwiftPackageReference "MCEmojiPicker" */,
				F25AD5E92B29F88C00E11F60 /* XCRemoteSwiftPackageReference "AlertToast" */,
			);
			productRefGroup = F22BDBE32AAA1753000A0412 /* Products */;
			projectDirPath = "";
			projectRoot = "";
			targets = (
				F22BDBE12AAA1753000A0412 /* milestone */,
			);
		};
/* End PBXProject section */

/* Begin PBXResourcesBuildPhase section */
		F22BDBE02AAA1753000A0412 /* Resources */ = {
			isa = PBXResourcesBuildPhase;
			buildActionMask = 2147483647;
			files = (
				F255778E2AB58CC700F71FE1 /* Assets.xcassets in Resources */,
			);
			runOnlyForDeploymentPostprocessing = 0;
		};
/* End PBXResourcesBuildPhase section */

/* Begin PBXSourcesBuildPhase section */
		F22BDBDE2AAA1753000A0412 /* Sources */ = {
			isa = PBXSourcesBuildPhase;
			buildActionMask = 2147483647;
			files = (
				F217E0E22ACFE9CB00013649 /* TagList.swift in Sources */,
				F286D8F22ADED989005A10CA /* Bingding.swift in Sources */,
				F285002D2B1E20500095B3A8 /* NodeSort.swift in Sources */,
				F208EC3D2AC0037400C90ADB /* LaunchView.swift in Sources */,
				F286D8F42AE022EE005A10CA /* emptyView.swift in Sources */,
				F22BDBE82AAA1753000A0412 /* ScreenManage.swift in Sources */,
				F25577972AB9F84900F71FE1 /* TimeLineView.swift in Sources */,
				F2BCCEA52AAF4FC2006FDBBA /* EditProejct.swift in Sources */,
				F255778D2AB5863000F71FE1 /* SFSymbol.swift in Sources */,
				F206AD522AD2E7990020D19A /* WarehouseView.swift in Sources */,
				F232080B2AD99C10003A8CA1 /* Milestone.swift in Sources */,
				F2A978082AD9A35000ABA274 /* ProjectCard.swift in Sources */,
				F248157B2ADBACB6001D9F45 /* ProjectDB.xcdatamodeld in Sources */,
				F2A978042AD9A08D00ABA274 /* Color.swift in Sources */,
				F2A978062AD9A33C00ABA274 /* MeView.swift in Sources */,
				F26DD12C2AED558F00DF9025 /* CoreDataService.swift in Sources */,
				F22BDBF62AAD8ED8000A0412 /* HomeView.swift in Sources */,
				F291D8862AF630AF009D80D3 /* EditNode.swift in Sources */,
				F25577922AB5F13400F71FE1 /* NavHeader.swift in Sources */,
				F23208112AD99CC8003A8CA1 /* Project.swift in Sources */,
				F23208062AD6DF83003A8CA1 /* EditTimeLine.swift in Sources */,
				F23208092AD99BD0003A8CA1 /* Tag.swift in Sources */,
				F291D8882AF7D98A009D80D3 /* FlexLayout.swift in Sources */,
				F22BDBE62AAA1753000A0412 /* AppEntry.swift in Sources */,
				F232080F2AD99C73003A8CA1 /* TimeLine.swift in Sources */,
				F22BDBFD2AADB9A1000A0412 /* ProjectView.swift in Sources */,
				F217E0E02ACFD75C00013649 /* ToolView.swift in Sources */,
				F232080D2AD99C47003A8CA1 /* LineNode.swift in Sources */,
				F25577902AB59A3E00F71FE1 /* UserDefaults.swift in Sources */,
				F22BDBF92AAD8F46000A0412 /* Tabbar.swift in Sources */,
				F248157D2ADC195B001D9F45 /* ModelView.swift in Sources */,
				F2506D882AC8669F008118DD /* LineView.swift in Sources */,
				F2AF6E282ADA2D94005CF762 /* IconModel.swift in Sources */,
				F286D8F62AE167A5005A10CA /* CardSelectView.swift in Sources */,
				F2506D8A2AC867F4008118DD /* LineNodeView.swift in Sources */,
				F291D88A2AF7EB27009D80D3 /* Date.swift in Sources */,
				F2AA61132AB555DA003548D9 /* ProjectModel.swift in Sources */,
				F22A29632ACD761A002D281A /* BgView.swift in Sources */,
			);
			runOnlyForDeploymentPostprocessing = 0;
		};
/* End PBXSourcesBuildPhase section */

/* Begin XCBuildConfiguration section */
		F22BDBEE2AAA1755000A0412 /* Debug */ = {
			isa = XCBuildConfiguration;
			buildSettings = {
				ALWAYS_SEARCH_USER_PATHS = NO;
				CLANG_ANALYZER_LOCALIZABILITY_NONLOCALIZED = YES;
				CLANG_ANALYZER_NONNULL = YES;
				CLANG_ANALYZER_NUMBER_OBJECT_CONVERSION = YES_AGGRESSIVE;
				CLANG_CXX_LANGUAGE_STANDARD = "gnu++20";
				CLANG_ENABLE_MODULES = YES;
				CLANG_ENABLE_OBJC_ARC = YES;
				CLANG_ENABLE_OBJC_WEAK = YES;
				CLANG_WARN_BLOCK_CAPTURE_AUTORELEASING = YES;
				CLANG_WARN_BOOL_CONVERSION = YES;
				CLANG_WARN_COMMA = YES;
				CLANG_WARN_CONSTANT_CONVERSION = YES;
				CLANG_WARN_DEPRECATED_OBJC_IMPLEMENTATIONS = YES;
				CLANG_WARN_DIRECT_OBJC_ISA_USAGE = YES_ERROR;
				CLANG_WARN_DOCUMENTATION_COMMENTS = YES;
				CLANG_WARN_EMPTY_BODY = YES;
				CLANG_WARN_ENUM_CONVERSION = YES;
				CLANG_WARN_INFINITE_RECURSION = YES;
				CLANG_WARN_INT_CONVERSION = YES;
				CLANG_WARN_NON_LITERAL_NULL_CONVERSION = YES;
				CLANG_WARN_OBJC_IMPLICIT_RETAIN_SELF = YES;
				CLANG_WARN_OBJC_LITERAL_CONVERSION = YES;
				CLANG_WARN_OBJC_ROOT_CLASS = YES_ERROR;
				CLANG_WARN_QUOTED_INCLUDE_IN_FRAMEWORK_HEADER = YES;
				CLANG_WARN_RANGE_LOOP_ANALYSIS = YES;
				CLANG_WARN_STRICT_PROTOTYPES = YES;
				CLANG_WARN_SUSPICIOUS_MOVE = YES;
				CLANG_WARN_UNGUARDED_AVAILABILITY = YES_AGGRESSIVE;
				CLANG_WARN_UNREACHABLE_CODE = YES;
				CLANG_WARN__DUPLICATE_METHOD_MATCH = YES;
				COPY_PHASE_STRIP = NO;
				DEBUG_INFORMATION_FORMAT = dwarf;
				ENABLE_STRICT_OBJC_MSGSEND = YES;
				ENABLE_TESTABILITY = YES;
				ENABLE_USER_SCRIPT_SANDBOXING = YES;
				GCC_C_LANGUAGE_STANDARD = gnu11;
				GCC_DYNAMIC_NO_PIC = NO;
				GCC_NO_COMMON_BLOCKS = YES;
				GCC_OPTIMIZATION_LEVEL = 0;
				GCC_PREPROCESSOR_DEFINITIONS = (
					"DEBUG=1",
					"$(inherited)",
				);
				GCC_WARN_64_TO_32_BIT_CONVERSION = YES;
				GCC_WARN_ABOUT_RETURN_TYPE = YES_ERROR;
				GCC_WARN_UNDECLARED_SELECTOR = YES;
				GCC_WARN_UNINITIALIZED_AUTOS = YES_AGGRESSIVE;
				GCC_WARN_UNUSED_FUNCTION = YES;
				GCC_WARN_UNUSED_VARIABLE = YES;
				IPHONEOS_DEPLOYMENT_TARGET = 17.0;
				MTL_ENABLE_DEBUG_INFO = INCLUDE_SOURCE;
				MTL_FAST_MATH = YES;
				ONLY_ACTIVE_ARCH = YES;
				SDKROOT = iphoneos;
				SWIFT_ACTIVE_COMPILATION_CONDITIONS = DEBUG;
				SWIFT_OPTIMIZATION_LEVEL = "-Onone";
			};
			name = Debug;
		};
		F22BDBEF2AAA1755000A0412 /* Release */ = {
			isa = XCBuildConfiguration;
			buildSettings = {
				ALWAYS_SEARCH_USER_PATHS = NO;
				CLANG_ANALYZER_LOCALIZABILITY_NONLOCALIZED = YES;
				CLANG_ANALYZER_NONNULL = YES;
				CLANG_ANALYZER_NUMBER_OBJECT_CONVERSION = YES_AGGRESSIVE;
				CLANG_CXX_LANGUAGE_STANDARD = "gnu++20";
				CLANG_ENABLE_MODULES = YES;
				CLANG_ENABLE_OBJC_ARC = YES;
				CLANG_ENABLE_OBJC_WEAK = YES;
				CLANG_WARN_BLOCK_CAPTURE_AUTORELEASING = YES;
				CLANG_WARN_BOOL_CONVERSION = YES;
				CLANG_WARN_COMMA = YES;
				CLANG_WARN_CONSTANT_CONVERSION = YES;
				CLANG_WARN_DEPRECATED_OBJC_IMPLEMENTATIONS = YES;
				CLANG_WARN_DIRECT_OBJC_ISA_USAGE = YES_ERROR;
				CLANG_WARN_DOCUMENTATION_COMMENTS = YES;
				CLANG_WARN_EMPTY_BODY = YES;
				CLANG_WARN_ENUM_CONVERSION = YES;
				CLANG_WARN_INFINITE_RECURSION = YES;
				CLANG_WARN_INT_CONVERSION = YES;
				CLANG_WARN_NON_LITERAL_NULL_CONVERSION = YES;
				CLANG_WARN_OBJC_IMPLICIT_RETAIN_SELF = YES;
				CLANG_WARN_OBJC_LITERAL_CONVERSION = YES;
				CLANG_WARN_OBJC_ROOT_CLASS = YES_ERROR;
				CLANG_WARN_QUOTED_INCLUDE_IN_FRAMEWORK_HEADER = YES;
				CLANG_WARN_RANGE_LOOP_ANALYSIS = YES;
				CLANG_WARN_STRICT_PROTOTYPES = YES;
				CLANG_WARN_SUSPICIOUS_MOVE = YES;
				CLANG_WARN_UNGUARDED_AVAILABILITY = YES_AGGRESSIVE;
				CLANG_WARN_UNREACHABLE_CODE = YES;
				CLANG_WARN__DUPLICATE_METHOD_MATCH = YES;
				COPY_PHASE_STRIP = NO;
				DEBUG_INFORMATION_FORMAT = "dwarf-with-dsym";
				ENABLE_NS_ASSERTIONS = NO;
				ENABLE_STRICT_OBJC_MSGSEND = YES;
				ENABLE_USER_SCRIPT_SANDBOXING = YES;
				GCC_C_LANGUAGE_STANDARD = gnu11;
				GCC_NO_COMMON_BLOCKS = YES;
				GCC_WARN_64_TO_32_BIT_CONVERSION = YES;
				GCC_WARN_ABOUT_RETURN_TYPE = YES_ERROR;
				GCC_WARN_UNDECLARED_SELECTOR = YES;
				GCC_WARN_UNINITIALIZED_AUTOS = YES_AGGRESSIVE;
				GCC_WARN_UNUSED_FUNCTION = YES;
				GCC_WARN_UNUSED_VARIABLE = YES;
				IPHONEOS_DEPLOYMENT_TARGET = 17.0;
				MTL_ENABLE_DEBUG_INFO = NO;
				MTL_FAST_MATH = YES;
				SDKROOT = iphoneos;
				SWIFT_COMPILATION_MODE = wholemodule;
				SWIFT_OPTIMIZATION_LEVEL = "-O";
				VALIDATE_PRODUCT = YES;
			};
			name = Release;
		};
		F22BDBF12AAA1755000A0412 /* Debug */ = {
			isa = XCBuildConfiguration;
			buildSettings = {
				ASSETCATALOG_COMPILER_APPICON_NAME = AppIcon;
				ASSETCATALOG_COMPILER_GLOBAL_ACCENT_COLOR_NAME = AccentColor;
				CODE_SIGN_IDENTITY = "Apple Development";
				CODE_SIGN_STYLE = Automatic;
				CURRENT_PROJECT_VERSION = 1;
				DEVELOPMENT_ASSET_PATHS = "";
				DEVELOPMENT_TEAM = MGFQ8L5XWQ;
				ENABLE_PREVIEWS = YES;
				GENERATE_INFOPLIST_FILE = YES;
				INFOPLIST_KEY_CFBundleDisplayName = "里程碑";
				INFOPLIST_KEY_UIApplicationSceneManifest_Generation = YES;
				INFOPLIST_KEY_UIApplicationSupportsIndirectInputEvents = YES;
				INFOPLIST_KEY_UILaunchScreen_Generation = YES;
				INFOPLIST_KEY_UISupportedInterfaceOrientations = UIInterfaceOrientationPortrait;
				INFOPLIST_KEY_UISupportedInterfaceOrientations_iPad = "UIInterfaceOrientationLandscapeLeft UIInterfaceOrientationLandscapeRight UIInterfaceOrientationPortrait UIInterfaceOrientationPortraitUpsideDown";
				IPHONEOS_DEPLOYMENT_TARGET = 15.0;
				LD_RUNPATH_SEARCH_PATHS = (
					"$(inherited)",
					"@executable_path/Frameworks",
				);
				MARKETING_VERSION = 0.0.1;
				PRODUCT_BUNDLE_IDENTIFIER = yonghu520.milestone;
				PRODUCT_NAME = "$(TARGET_NAME)";
				PROVISIONING_PROFILE_SPECIFIER = "";
				SUPPORTED_PLATFORMS = "iphoneos iphonesimulator";
				SUPPORTS_MACCATALYST = NO;
				SUPPORTS_MAC_DESIGNED_FOR_IPHONE_IPAD = NO;
				SWIFT_EMIT_LOC_STRINGS = YES;
				SWIFT_VERSION = 5.0;
				TARGETED_DEVICE_FAMILY = "1,2";
			};
			name = Debug;
		};
		F22BDBF22AAA1755000A0412 /* Release */ = {
			isa = XCBuildConfiguration;
			buildSettings = {
				ASSETCATALOG_COMPILER_APPICON_NAME = AppIcon;
				ASSETCATALOG_COMPILER_GLOBAL_ACCENT_COLOR_NAME = AccentColor;
				CODE_SIGN_IDENTITY = "Apple Development";
				CODE_SIGN_STYLE = Automatic;
				CURRENT_PROJECT_VERSION = 1;
				DEVELOPMENT_ASSET_PATHS = "";
				DEVELOPMENT_TEAM = MGFQ8L5XWQ;
				ENABLE_PREVIEWS = YES;
				GENERATE_INFOPLIST_FILE = YES;
				INFOPLIST_KEY_CFBundleDisplayName = "里程碑";
				INFOPLIST_KEY_UIApplicationSceneManifest_Generation = YES;
				INFOPLIST_KEY_UIApplicationSupportsIndirectInputEvents = YES;
				INFOPLIST_KEY_UILaunchScreen_Generation = YES;
				INFOPLIST_KEY_UISupportedInterfaceOrientations = UIInterfaceOrientationPortrait;
				INFOPLIST_KEY_UISupportedInterfaceOrientations_iPad = "UIInterfaceOrientationLandscapeLeft UIInterfaceOrientationLandscapeRight UIInterfaceOrientationPortrait UIInterfaceOrientationPortraitUpsideDown";
				IPHONEOS_DEPLOYMENT_TARGET = 15.0;
				LD_RUNPATH_SEARCH_PATHS = (
					"$(inherited)",
					"@executable_path/Frameworks",
				);
				MARKETING_VERSION = 0.0.1;
				PRODUCT_BUNDLE_IDENTIFIER = yonghu520.milestone;
				PRODUCT_NAME = "$(TARGET_NAME)";
				PROVISIONING_PROFILE_SPECIFIER = "";
				SUPPORTED_PLATFORMS = "iphoneos iphonesimulator";
				SUPPORTS_MACCATALYST = NO;
				SUPPORTS_MAC_DESIGNED_FOR_IPHONE_IPAD = NO;
				SWIFT_EMIT_LOC_STRINGS = YES;
				SWIFT_VERSION = 5.0;
				TARGETED_DEVICE_FAMILY = "1,2";
			};
			name = Release;
		};
/* End XCBuildConfiguration section */

/* Begin XCConfigurationList section */
		F22BDBDD2AAA1753000A0412 /* Build configuration list for PBXProject "milestone" */ = {
			isa = XCConfigurationList;
			buildConfigurations = (
				F22BDBEE2AAA1755000A0412 /* Debug */,
				F22BDBEF2AAA1755000A0412 /* Release */,
			);
			defaultConfigurationIsVisible = 0;
			defaultConfigurationName = Release;
		};
		F22BDBF02AAA1755000A0412 /* Build configuration list for PBXNativeTarget "milestone" */ = {
			isa = XCConfigurationList;
			buildConfigurations = (
				F22BDBF12AAA1755000A0412 /* Debug */,
				F22BDBF22AAA1755000A0412 /* Release */,
			);
			defaultConfigurationIsVisible = 0;
			defaultConfigurationName = Release;
		};
/* End XCConfigurationList section */

/* Begin XCRemoteSwiftPackageReference section */
		F22AFDA42B28ACAA006113B1 /* XCRemoteSwiftPackageReference "MCEmojiPicker" */ = {
			isa = XCRemoteSwiftPackageReference;
			repositoryURL = "https://github.com/izyumkin/MCEmojiPicker";
			requirement = {
				kind = upToNextMajorVersion;
				minimumVersion = 1.2.3;
			};
		};
		F25AD5E92B29F88C00E11F60 /* XCRemoteSwiftPackageReference "AlertToast" */ = {
			isa = XCRemoteSwiftPackageReference;
			repositoryURL = "https://github.com/elai950/AlertToast";
			requirement = {
				kind = upToNextMajorVersion;
				minimumVersion = 1.3.9;
			};
		};
/* End XCRemoteSwiftPackageReference section */

/* Begin XCSwiftPackageProductDependency section */
		F22AFDA52B28ACAA006113B1 /* MCEmojiPicker */ = {
			isa = XCSwiftPackageProductDependency;
			package = F22AFDA42B28ACAA006113B1 /* XCRemoteSwiftPackageReference "MCEmojiPicker" */;
			productName = MCEmojiPicker;
		};
		F25AD5EA2B29F88C00E11F60 /* AlertToast */ = {
			isa = XCSwiftPackageProductDependency;
			package = F25AD5E92B29F88C00E11F60 /* XCRemoteSwiftPackageReference "AlertToast" */;
			productName = AlertToast;
		};
/* End XCSwiftPackageProductDependency section */

/* Begin XCVersionGroup section */
		F24815792ADBACB6001D9F45 /* ProjectDB.xcdatamodeld */ = {
			isa = XCVersionGroup;
			children = (
				F248157A2ADBACB6001D9F45 /* ProjectDB.xcdatamodel */,
			);
			currentVersion = F248157A2ADBACB6001D9F45 /* ProjectDB.xcdatamodel */;
			path = ProjectDB.xcdatamodeld;
			sourceTree = "<group>";
			versionGroupType = wrapper.xcdatamodel;
		};
/* End XCVersionGroup section */
	};
	rootObject = F22BDBDA2AAA1753000A0412 /* Project object */;
}
